
Microsoft Visual Studio Solution File, Format Version 12.00
# Visual Studio Version 17
VisualStudioVersion = 17.9.34714.143
MinimumVisualStudioVersion = 10.0.40219.1
Project("{2150E333-8FDC-42A3-9474-1A3956D46DE8}") = "Framework", "Framework", "{7975FA51-E9E0-4CF5-96DE-B5662189B470}"
EndProject
Project("{2150E333-8FDC-42A3-9474-1A3956D46DE8}") = "src", "src", "{983390F9-F6E6-47C2-A07F-241126093DD8}"
EndProject
Project("{9A19103F-16F7-4668-BE54-9A1E7A4F7556}") = "Framework.Application", "framework\Framework.Application\Framework.Application.csproj", "{64E90729-6EC4-422B-A22F-24F7B85229D0}"
EndProject
Project("{9A19103F-16F7-4668-BE54-9A1E7A4F7556}") = "Framework.Core", "framework\Framework.Core\Framework.Core.csproj", "{8FDFDBCF-69D0-4971-AC37-DE5DEA9346F4}"
EndProject
Project("{9A19103F-16F7-4668-BE54-9A1E7A4F7556}") = "Framework.Domain", "framework\Framework.Domain\Framework.Domain.csproj", "{C8170533-08C9-4DB2-BF97-2BFE84D7463D}"
EndProject
Project("{9A19103F-16F7-4668-BE54-9A1E7A4F7556}") = "Framework.Persistence.ES", "framework\Framework.Persistence.ES\Framework.Persistence.ES.csproj", "{94FCC3A3-040D-4E8A-A85E-964534C352C6}"
EndProject
Project("{9A19103F-16F7-4668-BE54-9A1E7A4F7556}") = "LoanApplications.Application", "src\LoanApplications.Application\LoanApplications.Application.csproj", "{ED9B4A9D-023C-41E0-9615-B8D9040C5E24}"
EndProject
Project("{9A19103F-16F7-4668-BE54-9A1E7A4F7556}") = "LoanApplications.Domain", "src\LoanApplications.Domain\LoanApplications.Domain.csproj", "{D50B81B9-9EC6-4B9A-B61D-365C2002F5B2}"
EndProject
Project("{9A19103F-16F7-4668-BE54-9A1E7A4F7556}") = "LoanApplications.Domain.Contracts", "src\LoanApplications.Domain.Contracts\LoanApplications.Domain.Contracts.csproj", "{5AB4399C-BB6B-4AA3-B102-BF8DE13C1AF2}"
EndProject
Project("{9A19103F-16F7-4668-BE54-9A1E7A4F7556}") = "LoanApplications.EventPublisher", "src\LoanApplications.EventPublisher\LoanApplications.EventPublisher.csproj", "{DB7E8153-88AF-4B53-B9C8-429E16099003}"
EndProject
Project("{9A19103F-16F7-4668-BE54-9A1E7A4F7556}") = "LoanApplications.Persistence.ES", "src\LoanApplications.Persistence.ES\LoanApplications.Persistence.ES.csproj", "{0034011B-1CB9-4F1D-9AB9-899FA015627A}"
EndProject
Project("{9A19103F-16F7-4668-BE54-9A1E7A4F7556}") = "LoanApplications.Projections.Sql", "src\LoanApplications.Projections.Sql\LoanApplications.Projections.Sql.csproj", "{B37F5004-02F4-49A0-9762-EFC5DC4012BF}"
EndProject
Project("{9A19103F-16F7-4668-BE54-9A1E7A4F7556}") = "LoanApplications.Application.Contracts", "src\LoanApplications.Application.Contracts\LoanApplications.Application.Contracts.csproj", "{76CEF265-54E4-413C-9851-CF95BCE57709}"
EndProject
Project("{2150E333-8FDC-42A3-9474-1A3956D46DE8}") = "Application", "Application", "{EE43FD87-12FF-4BA7-A3F5-330472E9234E}"
EndProject
Project("{2150E333-8FDC-42A3-9474-1A3956D46DE8}") = "Domain", "Domain", "{5D0C50AB-B92A-498E-A60A-1336891BB401}"
EndProject
Project("{2150E333-8FDC-42A3-9474-1A3956D46DE8}") = "Infrastructure", "Infrastructure", "{9DCB6C5A-6AD5-4CC5-8BE5-D0D76111C3BB}"
EndProject
Project("{2150E333-8FDC-42A3-9474-1A3956D46DE8}") = "Projections", "Projections", "{9342E1D1-447F-4CD1-8076-5F92A5CF6CBD}"
EndProject
Project("{2150E333-8FDC-42A3-9474-1A3956D46DE8}") = "Subscribers", "Subscribers", "{66281C44-BB4C-4872-854D-740E0224758F}"
EndProject
Project("{2150E333-8FDC-42A3-9474-1A3956D46DE8}") = "Publishers", "Publishers", "{4BD73356-DFAF-4EB2-A19E-68E595700756}"
EndProject
Project("{E53339B2-1760-4266-BCC7-CA923CBCF16C}") = "docker-compose", "docker-compose.dcproj", "{EFF42DAB-0368-47EE-8AB4-A71C53499BCD}"
EndProject
Global
	GlobalSection(SolutionConfigurationPlatforms) = preSolution
		Debug|Any CPU = Debug|Any CPU
		Release|Any CPU = Release|Any CPU
	EndGlobalSection
	GlobalSection(ProjectConfigurationPlatforms) = postSolution
		{64E90729-6EC4-422B-A22F-24F7B85229D0}.Debug|Any CPU.ActiveCfg = Debug|Any CPU
		{64E90729-6EC4-422B-A22F-24F7B85229D0}.Debug|Any CPU.Build.0 = Debug|Any CPU
		{64E90729-6EC4-422B-A22F-24F7B85229D0}.Release|Any CPU.ActiveCfg = Release|Any CPU
		{64E90729-6EC4-422B-A22F-24F7B85229D0}.Release|Any CPU.Build.0 = Release|Any CPU
		{8FDFDBCF-69D0-4971-AC37-DE5DEA9346F4}.Debug|Any CPU.ActiveCfg = Debug|Any CPU
		{8FDFDBCF-69D0-4971-AC37-DE5DEA9346F4}.Debug|Any CPU.Build.0 = Debug|Any CPU
		{8FDFDBCF-69D0-4971-AC37-DE5DEA9346F4}.Release|Any CPU.ActiveCfg = Release|Any CPU
		{8FDFDBCF-69D0-4971-AC37-DE5DEA9346F4}.Release|Any CPU.Build.0 = Release|Any CPU
		{C8170533-08C9-4DB2-BF97-2BFE84D7463D}.Debug|Any CPU.ActiveCfg = Debug|Any CPU
		{C8170533-08C9-4DB2-BF97-2BFE84D7463D}.Debug|Any CPU.Build.0 = Debug|Any CPU
		{C8170533-08C9-4DB2-BF97-2BFE84D7463D}.Release|Any CPU.ActiveCfg = Release|Any CPU
		{C8170533-08C9-4DB2-BF97-2BFE84D7463D}.Release|Any CPU.Build.0 = Release|Any CPU
		{94FCC3A3-040D-4E8A-A85E-964534C352C6}.Debug|Any CPU.ActiveCfg = Debug|Any CPU
		{94FCC3A3-040D-4E8A-A85E-964534C352C6}.Debug|Any CPU.Build.0 = Debug|Any CPU
		{94FCC3A3-040D-4E8A-A85E-964534C352C6}.Release|Any CPU.ActiveCfg = Release|Any CPU
		{94FCC3A3-040D-4E8A-A85E-964534C352C6}.Release|Any CPU.Build.0 = Release|Any CPU
		{ED9B4A9D-023C-41E0-9615-B8D9040C5E24}.Debug|Any CPU.ActiveCfg = Debug|Any CPU
		{ED9B4A9D-023C-41E0-9615-B8D9040C5E24}.Debug|Any CPU.Build.0 = Debug|Any CPU
		{ED9B4A9D-023C-41E0-9615-B8D9040C5E24}.Release|Any CPU.ActiveCfg = Release|Any CPU
		{ED9B4A9D-023C-41E0-9615-B8D9040C5E24}.Release|Any CPU.Build.0 = Release|Any CPU
		{D50B81B9-9EC6-4B9A-B61D-365C2002F5B2}.Debug|Any CPU.ActiveCfg = Debug|Any CPU
		{D50B81B9-9EC6-4B9A-B61D-365C2002F5B2}.Debug|Any CPU.Build.0 = Debug|Any CPU
		{D50B81B9-9EC6-4B9A-B61D-365C2002F5B2}.Release|Any CPU.ActiveCfg = Release|Any CPU
		{D50B81B9-9EC6-4B9A-B61D-365C2002F5B2}.Release|Any CPU.Build.0 = Release|Any CPU
		{5AB4399C-BB6B-4AA3-B102-BF8DE13C1AF2}.Debug|Any CPU.ActiveCfg = Debug|Any CPU
		{5AB4399C-BB6B-4AA3-B102-BF8DE13C1AF2}.Debug|Any CPU.Build.0 = Debug|Any CPU
		{5AB4399C-BB6B-4AA3-B102-BF8DE13C1AF2}.Release|Any CPU.ActiveCfg = Release|Any CPU
		{5AB4399C-BB6B-4AA3-B102-BF8DE13C1AF2}.Release|Any CPU.Build.0 = Release|Any CPU
		{DB7E8153-88AF-4B53-B9C8-429E16099003}.Debug|Any CPU.ActiveCfg = Debug|Any CPU
		{DB7E8153-88AF-4B53-B9C8-429E16099003}.Debug|Any CPU.Build.0 = Debug|Any CPU
		{DB7E8153-88AF-4B53-B9C8-429E16099003}.Release|Any CPU.ActiveCfg = Release|Any CPU
		{DB7E8153-88AF-4B53-B9C8-429E16099003}.Release|Any CPU.Build.0 = Release|Any CPU
		{0034011B-1CB9-4F1D-9AB9-899FA015627A}.Debug|Any CPU.ActiveCfg = Debug|Any CPU
		{0034011B-1CB9-4F1D-9AB9-899FA015627A}.Debug|Any CPU.Build.0 = Debug|Any CPU
		{0034011B-1CB9-4F1D-9AB9-899FA015627A}.Release|Any CPU.ActiveCfg = Release|Any CPU
		{0034011B-1CB9-4F1D-9AB9-899FA015627A}.Release|Any CPU.Build.0 = Release|Any CPU
		{B37F5004-02F4-49A0-9762-EFC5DC4012BF}.Debug|Any CPU.ActiveCfg = Debug|Any CPU
		{B37F5004-02F4-49A0-9762-EFC5DC4012BF}.Debug|Any CPU.Build.0 = Debug|Any CPU
		{B37F5004-02F4-49A0-9762-EFC5DC4012BF}.Release|Any CPU.ActiveCfg = Release|Any CPU
		{B37F5004-02F4-49A0-9762-EFC5DC4012BF}.Release|Any CPU.Build.0 = Release|Any CPU
		{76CEF265-54E4-413C-9851-CF95BCE57709}.Debug|Any CPU.ActiveCfg = Debug|Any CPU
		{76CEF265-54E4-413C-9851-CF95BCE57709}.Debug|Any CPU.Build.0 = Debug|Any CPU
		{76CEF265-54E4-413C-9851-CF95BCE57709}.Release|Any CPU.ActiveCfg = Release|Any CPU
		{76CEF265-54E4-413C-9851-CF95BCE57709}.Release|Any CPU.Build.0 = Release|Any CPU
		{EFF42DAB-0368-47EE-8AB4-A71C53499BCD}.Debug|Any CPU.ActiveCfg = Debug|Any CPU
		{EFF42DAB-0368-47EE-8AB4-A71C53499BCD}.Debug|Any CPU.Build.0 = Debug|Any CPU
		{EFF42DAB-0368-47EE-8AB4-A71C53499BCD}.Release|Any CPU.ActiveCfg = Release|Any CPU
		{EFF42DAB-0368-47EE-8AB4-A71C53499BCD}.Release|Any CPU.Build.0 = Release|Any CPU
	EndGlobalSection
	GlobalSection(SolutionProperties) = preSolution
		HideSolutionNode = FALSE
	EndGlobalSection
	GlobalSection(NestedProjects) = preSolution
		{64E90729-6EC4-422B-A22F-24F7B85229D0} = {7975FA51-E9E0-4CF5-96DE-B5662189B470}
		{8FDFDBCF-69D0-4971-AC37-DE5DEA9346F4} = {7975FA51-E9E0-4CF5-96DE-B5662189B470}
		{C8170533-08C9-4DB2-BF97-2BFE84D7463D} = {7975FA51-E9E0-4CF5-96DE-B5662189B470}
		{94FCC3A3-040D-4E8A-A85E-964534C352C6} = {7975FA51-E9E0-4CF5-96DE-B5662189B470}
		{ED9B4A9D-023C-41E0-9615-B8D9040C5E24} = {EE43FD87-12FF-4BA7-A3F5-330472E9234E}
		{D50B81B9-9EC6-4B9A-B61D-365C2002F5B2} = {5D0C50AB-B92A-498E-A60A-1336891BB401}
		{5AB4399C-BB6B-4AA3-B102-BF8DE13C1AF2} = {5D0C50AB-B92A-498E-A60A-1336891BB401}
		{DB7E8153-88AF-4B53-B9C8-429E16099003} = {4BD73356-DFAF-4EB2-A19E-68E595700756}
		{0034011B-1CB9-4F1D-9AB9-899FA015627A} = {9DCB6C5A-6AD5-4CC5-8BE5-D0D76111C3BB}
		{B37F5004-02F4-49A0-9762-EFC5DC4012BF} = {9342E1D1-447F-4CD1-8076-5F92A5CF6CBD}
		{76CEF265-54E4-413C-9851-CF95BCE57709} = {EE43FD87-12FF-4BA7-A3F5-330472E9234E}
		{EE43FD87-12FF-4BA7-A3F5-330472E9234E} = {983390F9-F6E6-47C2-A07F-241126093DD8}
		{5D0C50AB-B92A-498E-A60A-1336891BB401} = {983390F9-F6E6-47C2-A07F-241126093DD8}
		{9DCB6C5A-6AD5-4CC5-8BE5-D0D76111C3BB} = {983390F9-F6E6-47C2-A07F-241126093DD8}
		{9342E1D1-447F-4CD1-8076-5F92A5CF6CBD} = {66281C44-BB4C-4872-854D-740E0224758F}
		{66281C44-BB4C-4872-854D-740E0224758F} = {983390F9-F6E6-47C2-A07F-241126093DD8}
		{4BD73356-DFAF-4EB2-A19E-68E595700756} = {66281C44-BB4C-4872-854D-740E0224758F}
	EndGlobalSection
	GlobalSection(ExtensibilityGlobals) = postSolution
		SolutionGuid = {F766DF1E-D6EA-4BE8-A8D8-6BA82312392A}
	EndGlobalSection
EndGlobal
